
Microsoft Visual Studio Solution File, Format Version 12.00
# Visual Studio Version 17
VisualStudioVersion = 17.9.34728.123
MinimumVisualStudioVersion = 10.0.40219.1
Project("{9A19103F-16F7-4668-BE54-9A1E7A4F7556}") = "B02_TextRPG", "B02_TextRPG.csproj", "{48B2ECE2-718C-4B93-AF44-0FE1E30DE39B}"
EndProject
Global
	GlobalSection(SolutionConfigurationPlatforms) = preSolution
		Debug|Any CPU = Debug|Any CPU
		Release|Any CPU = Release|Any CPU
	EndGlobalSection
	GlobalSection(ProjectConfigurationPlatforms) = postSolution
		{48B2ECE2-718C-4B93-AF44-0FE1E30DE39B}.Debug|Any CPU.ActiveCfg = Debug|Any CPU
		{48B2ECE2-718C-4B93-AF44-0FE1E30DE39B}.Debug|Any CPU.Build.0 = Debug|Any CPU
		{48B2ECE2-718C-4B93-AF44-0FE1E30DE39B}.Release|Any CPU.ActiveCfg = Release|Any CPU
		{48B2ECE2-718C-4B93-AF44-0FE1E30DE39B}.Release|Any CPU.Build.0 = Release|Any CPU
	EndGlobalSection
	GlobalSection(SolutionProperties) = preSolution
		HideSolutionNode = FALSE
	EndGlobalSection
	GlobalSection(ExtensibilityGlobals) = postSolution
		SolutionGuid = {52FED0E0-6764-4DFB-A3D1-F41D650C46FA}
	EndGlobalSection
EndGlobal
